
Microsoft Visual Studio Solution File, Format Version 12.00
# Visual Studio Version 17
VisualStudioVersion = 17.8.34330.188
MinimumVisualStudioVersion = 10.0.40219.1
Project("{9A19103F-16F7-4668-BE54-9A1E7A4F7556}") = "HospitalFrontEnd", "HospitalFrontEnd.csproj", "{E14020E1-A1B3-4930-9871-A1C300C20D03}"
EndProject
Global
	GlobalSection(SolutionConfigurationPlatforms) = preSolution
		Debug|Any CPU = Debug|Any CPU
		Release|Any CPU = Release|Any CPU
	EndGlobalSection
	GlobalSection(ProjectConfigurationPlatforms) = postSolution
		{E14020E1-A1B3-4930-9871-A1C300C20D03}.Debug|Any CPU.ActiveCfg = Debug|Any CPU
		{E14020E1-A1B3-4930-9871-A1C300C20D03}.Debug|Any CPU.Build.0 = Debug|Any CPU
		{E14020E1-A1B3-4930-9871-A1C300C20D03}.Release|Any CPU.ActiveCfg = Release|Any CPU
		{E14020E1-A1B3-4930-9871-A1C300C20D03}.Release|Any CPU.Build.0 = Release|Any CPU
	EndGlobalSection
	GlobalSection(SolutionProperties) = preSolution
		HideSolutionNode = FALSE
	EndGlobalSection
	GlobalSection(ExtensibilityGlobals) = postSolution
		SolutionGuid = {5CA36FE3-6936-4D10-8C14-9C6186E625E8}
	EndGlobalSection
EndGlobal
